{
    "name": "pinescript-langium",
    "version": "0.1.0",
    "lockfileVersion": 3,
    "requires": true,
    "packages": {
        "": {
            "name": "pinescript-langium",
            "version": "0.1.0",
            "dependencies": {
                "chevrotain": "^9.1.0",
                "langium": "^1.0.0",
                "vscode-languageserver": "^8.0.2",
                "vscode-uri": "^3.0.2"
            },
            "devDependencies": {
                "langium-cli": "^1.0.0",
                "typescript": "^4.9.4"
            }
        },
        "node_modules/@chevrotain/cst-dts-gen": {
            "version": "10.4.2",
            "resolved": "https://registry.npmjs.org/@chevrotain/cst-dts-gen/-/cst-dts-gen-10.4.2.tgz",
            "integrity": "sha512-0+4bNjlndNWMoVLH/+y4uHnf6GrTipsC+YTppJxelVJo+xeRVQ0s2PpkdDCVTsu7efyj+8r1gFiwVXsp6JZ0iQ==",
            "license": "Apache-2.0",
            "dependencies": {
                "@chevrotain/gast": "10.4.2",
                "@chevrotain/types": "10.4.2",
                "lodash": "4.17.21"
            }
        },
        "node_modules/@chevrotain/cst-dts-gen/node_modules/@chevrotain/types": {
            "version": "10.4.2",
            "resolved": "https://registry.npmjs.org/@chevrotain/types/-/types-10.4.2.tgz",
            "integrity": "sha512-QzSCjg6G4MvIoLeIgOiMR0IgzkGEQqrNJJIr3T5ETRa7l4Av4AMIiEctV99mvDr57iXwwk0/kr3RJxiU36Nevw==",
            "license": "Apache-2.0"
        },
        "node_modules/@chevrotain/gast": {
            "version": "10.4.2",
            "resolved": "https://registry.npmjs.org/@chevrotain/gast/-/gast-10.4.2.tgz",
            "integrity": "sha512-4ZAn8/mjkmYonilSJ60gGj1tAF0cVWYUMlIGA0e4ATAc3a648aCnvpBw7zlPHDQjFp50XC13iyWEgWAKiRKTOA==",
            "license": "Apache-2.0",
            "dependencies": {
                "@chevrotain/types": "10.4.2",
                "lodash": "4.17.21"
            }
        },
        "node_modules/@chevrotain/gast/node_modules/@chevrotain/types": {
            "version": "10.4.2",
            "resolved": "https://registry.npmjs.org/@chevrotain/types/-/types-10.4.2.tgz",
            "integrity": "sha512-QzSCjg6G4MvIoLeIgOiMR0IgzkGEQqrNJJIr3T5ETRa7l4Av4AMIiEctV99mvDr57iXwwk0/kr3RJxiU36Nevw==",
            "license": "Apache-2.0"
        },
        "node_modules/@chevrotain/types": {
            "version": "9.1.0",
            "resolved": "https://registry.npmjs.org/@chevrotain/types/-/types-9.1.0.tgz",
            "integrity": "sha512-3hbCD1CThkv9gnaSIPq0GUXwKni68e0ph6jIHwCvcWiQ4JB2xi8bFxBain0RF04qHUWuDjgnZLj4rLgimuGO+g==",
            "license": "Apache-2.0"
        },
        "node_modules/@chevrotain/utils": {
            "version": "9.1.0",
            "resolved": "https://registry.npmjs.org/@chevrotain/utils/-/utils-9.1.0.tgz",
            "integrity": "sha512-llLJZ8OAlZrjGlBvamm6Zdo/HmGAcCLq5gx7cSwUX8No+n/8ip+oaC4x33IdZIif8+Rh5dQUIZXmfbSghiOmNQ==",
            "license": "Apache-2.0"
        },
        "node_modules/ansi-styles": {
            "version": "4.3.0",
            "resolved": "https://registry.npmjs.org/ansi-styles/-/ansi-styles-4.3.0.tgz",
            "integrity": "sha512-zbB9rCJAT1rbjiVDb2hqKFHNYLxgtk8NURxZ3IZwD3F6NtxbXZQCnnSi1Lkx+IDohdPlFp222wVALIheZJQSEg==",
            "dev": true,
            "license": "MIT",
            "dependencies": {
                "color-convert": "^2.0.1"
            },
            "engines": {
                "node": ">=8"
            },
            "funding": {
                "url": "https://github.com/chalk/ansi-styles?sponsor=1"
            }
        },
        "node_modules/chalk": {
            "version": "4.1.2",
            "resolved": "https://registry.npmjs.org/chalk/-/chalk-4.1.2.tgz",
            "integrity": "sha512-oKnbhFyRIXpUuez8iBMmyEa4nbj4IOQyuhc/wy9kY7/WVPcwIO9VA668Pu8RkO7+0G76SLROeyw9CpQ061i4mA==",
            "dev": true,
            "license": "MIT",
            "dependencies": {
                "ansi-styles": "^4.1.0",
                "supports-color": "^7.1.0"
            },
            "engines": {
                "node": ">=10"
            },
            "funding": {
                "url": "https://github.com/chalk/chalk?sponsor=1"
            }
        },
        "node_modules/chevrotain": {
            "version": "9.1.0",
            "resolved": "https://registry.npmjs.org/chevrotain/-/chevrotain-9.1.0.tgz",
            "integrity": "sha512-A86/55so63HCfu0dgGg3j9u8uuuBOrSqly1OhBZxRu2x6sAKILLzfVjbGMw45kgier6lz45EzcjjWtTRgoT84Q==",
            "license": "Apache-2.0",
            "dependencies": {
                "@chevrotain/types": "^9.1.0",
                "@chevrotain/utils": "^9.1.0",
                "regexp-to-ast": "0.5.0"
            }
        },
        "node_modules/color-convert": {
            "version": "2.0.1",
            "resolved": "https://registry.npmjs.org/color-convert/-/color-convert-2.0.1.tgz",
            "integrity": "sha512-RRECPsj7iu/xb5oKYcsFHSppFNnsj/52OVTRKb4zP5onXwVF3zVmmToNcOfGC+CRDpfK/U584fMg38ZHCaElKQ==",
            "dev": true,
            "license": "MIT",
            "dependencies": {
                "color-name": "~1.1.4"
            },
            "engines": {
                "node": ">=7.0.0"
            }
        },
        "node_modules/color-name": {
            "version": "1.1.4",
            "resolved": "https://registry.npmjs.org/color-name/-/color-name-1.1.4.tgz",
            "integrity": "sha512-dOy+3AuW3a2wNbZHIuMZpTcgjGuLU/uBL/ubcZF9OXbDo8ff4O8yVp5Bf0efS8uEoYo5q4Fx7dY9OgQGXgAsQA==",
            "dev": true,
            "license": "MIT"
        },
        "node_modules/commander": {
            "version": "10.0.1",
            "resolved": "https://registry.npmjs.org/commander/-/commander-10.0.1.tgz",
            "integrity": "sha512-y4Mg2tXshplEbSGzx7amzPwKKOCGuoSRP/CjEdwwk0FOGlUbq6lKuoyDZTNZkmxHdJtp54hdfY/JUrdL7Xfdug==",
            "dev": true,
            "license": "MIT",
            "engines": {
                "node": ">=14"
            }
        },
        "node_modules/fs-extra": {
            "version": "11.1.1",
            "resolved": "https://registry.npmjs.org/fs-extra/-/fs-extra-11.1.1.tgz",
            "integrity": "sha512-MGIE4HOvQCeUCzmlHs0vXpih4ysz4wg9qiSAu6cd42lVwPbTM1TjV7RusoyQqMmk/95gdQZX72u+YW+c3eEpFQ==",
            "dev": true,
            "license": "MIT",
            "dependencies": {
                "graceful-fs": "^4.2.0",
                "jsonfile": "^6.0.1",
                "universalify": "^2.0.0"
            },
            "engines": {
                "node": ">=14.14"
            }
        },
        "node_modules/graceful-fs": {
            "version": "4.2.11",
            "resolved": "https://registry.npmjs.org/graceful-fs/-/graceful-fs-4.2.11.tgz",
            "integrity": "sha512-RbJ5/jmFcNNCcDV5o9eTnBLJ/HszWV0P73bc+Ff4nS/rJj+YaS6IGyiOL0VoBYX+l1Wrl3k63h/KrH+nhJ0XvQ==",
            "dev": true,
            "license": "ISC"
        },
        "node_modules/has-flag": {
            "version": "4.0.0",
            "resolved": "https://registry.npmjs.org/has-flag/-/has-flag-4.0.0.tgz",
            "integrity": "sha512-EykJT/Q1KjTWctppgIAgfSO0tKVuZUjhgMr17kqTumMl6Afv3EISleU7qZUzoXDFTAHTDC4NOoG/ZxU3EvlMPQ==",
            "dev": true,
            "license": "MIT",
            "engines": {
                "node": ">=8"
            }
        },
        "node_modules/jsonfile": {
            "version": "6.1.0",
            "resolved": "https://registry.npmjs.org/jsonfile/-/jsonfile-6.1.0.tgz",
            "integrity": "sha512-5dgndWOriYSm5cnYaJNhalLNDKOqFwyDB/rr1E9ZsGciGvKPs8R2xYGCacuf3z6K1YKDz182fd+fY3cn3pMqXQ==",
            "dev": true,
            "license": "MIT",
            "dependencies": {
                "universalify": "^2.0.0"
            },
            "optionalDependencies": {
                "graceful-fs": "^4.1.6"
            }
        },
        "node_modules/jsonschema": {
            "version": "1.4.1",
            "resolved": "https://registry.npmjs.org/jsonschema/-/jsonschema-1.4.1.tgz",
            "integrity": "sha512-S6cATIPVv1z0IlxdN+zUk5EPjkGCdnhN4wVSBlvoUO1tOLJootbo9CquNJmbIh4yikWHiUedhRYrNPn1arpEmQ==",
            "dev": true,
            "license": "MIT",
            "engines": {
                "node": "*"
            }
        },
        "node_modules/langium": {
            "version": "1.3.1",
            "resolved": "https://registry.npmjs.org/langium/-/langium-1.3.1.tgz",
            "integrity": "sha512-xC+DnAunl6cZIgYjRpgm3s1kYAB5/Wycsj24iYaXG9uai7SgvMaFZSrRvdA5rUK/lSta/CRvgF+ZFoEKEOFJ5w==",
            "license": "MIT",
            "dependencies": {
                "chevrotain": "~10.4.2",
                "chevrotain-allstar": "~0.1.4",
                "vscode-languageserver": "~8.0.2",
                "vscode-languageserver-textdocument": "~1.0.8",
                "vscode-uri": "~3.0.7"
            },
            "engines": {
                "node": ">=14.0.0"
            }
        },
        "node_modules/langium-cli": {
            "version": "1.3.1",
            "resolved": "https://registry.npmjs.org/langium-cli/-/langium-cli-1.3.1.tgz",
            "integrity": "sha512-9faKpioKCjBD0Z4y165+wQlDFiDHOXYBlhPVgbV+neSnSB70belZLNfykAVa564360h7Br/5PogR5jW2n/tOKw==",
            "dev": true,
            "license": "MIT",
            "dependencies": {
                "chalk": "~4.1.2",
                "commander": "~10.0.0",
                "fs-extra": "~11.1.0",
                "jsonschema": "~1.4.1",
                "langium": "~1.3.0",
                "langium-railroad": "~1.3.0",
                "lodash": "~4.17.21"
            },
            "bin": {
                "langium": "bin/langium.js"
            },
            "engines": {
                "node": ">=14.0.0"
            }
        },
        "node_modules/langium-railroad": {
            "version": "1.3.0",
            "resolved": "https://registry.npmjs.org/langium-railroad/-/langium-railroad-1.3.0.tgz",
            "integrity": "sha512-I3gx79iF+Qpn2UjzfHLf2GENAD9mPdSZHL3juAZLBsxznw4se7MBrJX32oPr/35DTjU9q99wFCQoCXu7mcf+Bg==",
            "dev": true,
            "license": "MIT",
            "dependencies": {
                "langium": "~1.3.0",
                "railroad-diagrams": "^1.0.0"
            }
        },
        "node_modules/langium/node_modules/@chevrotain/types": {
            "version": "10.4.2",
            "resolved": "https://registry.npmjs.org/@chevrotain/types/-/types-10.4.2.tgz",
            "integrity": "sha512-QzSCjg6G4MvIoLeIgOiMR0IgzkGEQqrNJJIr3T5ETRa7l4Av4AMIiEctV99mvDr57iXwwk0/kr3RJxiU36Nevw==",
            "license": "Apache-2.0"
        },
        "node_modules/langium/node_modules/@chevrotain/utils": {
            "version": "10.4.2",
            "resolved": "https://registry.npmjs.org/@chevrotain/utils/-/utils-10.4.2.tgz",
            "integrity": "sha512-V34dacxWLwKcvcy32dx96ADJVdB7kOJLm7LyBkBQw5u5HC9WdEFw2G17zml+U3ivavGTrGPJHl8o9/UJm0PlUw==",
            "license": "Apache-2.0"
        },
        "node_modules/langium/node_modules/chevrotain": {
            "version": "10.4.2",
            "resolved": "https://registry.npmjs.org/chevrotain/-/chevrotain-10.4.2.tgz",
            "integrity": "sha512-gzF5GxE0Ckti5kZVuKEZycLntB5X2aj9RVY0r4/220GwQjdnljU+/t3kP74/FMWC7IzCDDEjQ9wsFUf0WCdSHg==",
            "license": "Apache-2.0",
            "dependencies": {
                "@chevrotain/cst-dts-gen": "10.4.2",
                "@chevrotain/gast": "10.4.2",
                "@chevrotain/types": "10.4.2",
                "@chevrotain/utils": "10.4.2",
                "lodash": "4.17.21",
                "regexp-to-ast": "0.5.0"
            }
        },
        "node_modules/langium/node_modules/chevrotain-allstar": {
            "version": "0.1.7",
            "resolved": "https://registry.npmjs.org/chevrotain-allstar/-/chevrotain-allstar-0.1.7.tgz",
            "integrity": "sha512-oMSHkXVCDQxnj3tDCqcEoMnNIEiYlAYT0FVja1PaLrT3njXGvg5JXTXs/tk2NI42SR3LMJyqTNgjR4VyDIf19w==",
            "license": "MIT",
            "dependencies": {
                "lodash": "^4.17.21"
            },
            "peerDependencies": {
                "chevrotain": "~10.4.1"
            }
        },
        "node_modules/langium/node_modules/vscode-jsonrpc": {
            "version": "8.0.2",
            "resolved": "https://registry.npmjs.org/vscode-jsonrpc/-/vscode-jsonrpc-8.0.2.tgz",
            "integrity": "sha512-RY7HwI/ydoC1Wwg4gJ3y6LpU9FJRZAUnTYMXthqhFXXu77ErDd/xkREpGuk4MyYkk4a+XDWAMqe0S3KkelYQEQ==",
            "license": "MIT",
            "engines": {
                "node": ">=14.0.0"
            }
        },
        "node_modules/langium/node_modules/vscode-languageserver": {
            "version": "8.0.2",
            "resolved": "https://registry.npmjs.org/vscode-languageserver/-/vscode-languageserver-8.0.2.tgz",
            "integrity": "sha512-bpEt2ggPxKzsAOZlXmCJ50bV7VrxwCS5BI4+egUmure/oI/t4OlFzi/YNtVvY24A2UDOZAgwFGgnZPwqSJubkA==",
            "license": "MIT",
            "dependencies": {
                "vscode-languageserver-protocol": "3.17.2"
            },
            "bin": {
                "installServerIntoExtension": "bin/installServerIntoExtension"
            }
        },
        "node_modules/langium/node_modules/vscode-languageserver-protocol": {
            "version": "3.17.2",
            "resolved": "https://registry.npmjs.org/vscode-languageserver-protocol/-/vscode-languageserver-protocol-3.17.2.tgz",
            "integrity": "sha512-8kYisQ3z/SQ2kyjlNeQxbkkTNmVFoQCqkmGrzLH6A9ecPlgTbp3wDTnUNqaUxYr4vlAcloxx8zwy7G5WdguYNg==",
            "license": "MIT",
            "dependencies": {
                "vscode-jsonrpc": "8.0.2",
                "vscode-languageserver-types": "3.17.2"
            }
        },
        "node_modules/langium/node_modules/vscode-languageserver-types": {
            "version": "3.17.2",
            "resolved": "https://registry.npmjs.org/vscode-languageserver-types/-/vscode-languageserver-types-3.17.2.tgz",
            "integrity": "sha512-zHhCWatviizPIq9B7Vh9uvrH6x3sK8itC84HkamnBWoDFJtzBf7SWlpLCZUit72b3os45h6RWQNC9xHRDF8dRA==",
            "license": "MIT"
        },
        "node_modules/langium/node_modules/vscode-uri": {
            "version": "3.0.8",
            "resolved": "https://registry.npmjs.org/vscode-uri/-/vscode-uri-3.0.8.tgz",
            "integrity": "sha512-AyFQ0EVmsOZOlAnxoFOGOq1SQDWAB7C6aqMGS23svWAllfOaxbuFvcT8D1i8z3Gyn8fraVeZNNmN6e9bxxXkKw==",
            "license": "MIT"
        },
        "node_modules/lodash": {
            "version": "4.17.21",
            "resolved": "https://registry.npmjs.org/lodash/-/lodash-4.17.21.tgz",
            "integrity": "sha512-v2kDEe57lecTulaDIuNTPy3Ry4gLGJ6Z1O3vE1krgXZNrsQ+LFTGHVxVjcXPs17LhbZVGedAJv8XZ1tvj5FvSg==",
            "license": "MIT"
        },
        "node_modules/railroad-diagrams": {
            "version": "1.0.0",
            "resolved": "https://registry.npmjs.org/railroad-diagrams/-/railroad-diagrams-1.0.0.tgz",
            "integrity": "sha512-cz93DjNeLY0idrCNOH6PviZGRN9GJhsdm9hpn1YCS879fj4W+x5IFJhhkRZcwVgMmFF7R82UA/7Oh+R8lLZg6A==",
            "dev": true,
            "license": "CC0-1.0"
        },
        "node_modules/regexp-to-ast": {
            "version": "0.5.0",
            "resolved": "https://registry.npmjs.org/regexp-to-ast/-/regexp-to-ast-0.5.0.tgz",
            "integrity": "sha512-tlbJqcMHnPKI9zSrystikWKwHkBqu2a/Sgw01h3zFjvYrMxEDYHzzoMZnUrbIfpTFEsoRnnviOXNCzFiSc54Qw==",
            "license": "MIT"
        },
        "node_modules/supports-color": {
            "version": "7.2.0",
            "resolved": "https://registry.npmjs.org/supports-color/-/supports-color-7.2.0.tgz",
            "integrity": "sha512-qpCAvRl9stuOHveKsn7HncJRvv501qIacKzQlO/+Lwxc9+0q2wLyv4Dfvt80/DPn2pqOBsJdDiogXGR9+OvwRw==",
            "dev": true,
            "license": "MIT",
            "dependencies": {
                "has-flag": "^4.0.0"
            },
            "engines": {
                "node": ">=8"
            }
        },
        "node_modules/typescript": {
            "version": "4.9.5",
            "resolved": "https://registry.npmjs.org/typescript/-/typescript-4.9.5.tgz",
            "integrity": "sha512-1FXk9E2Hm+QzZQ7z+McJiHL4NW1F2EzMu9Nq9i3zAaGqibafqYwCVU6WyWAuyQRRzOlxou8xZSyXLEN8oKj24g==",
            "dev": true,
            "license": "Apache-2.0",
            "bin": {
                "tsc": "bin/tsc",
                "tsserver": "bin/tsserver"
            },
            "engines": {
                "node": ">=4.2.0"
            }
        },
        "node_modules/universalify": {
            "version": "2.0.1",
            "resolved": "https://registry.npmjs.org/universalify/-/universalify-2.0.1.tgz",
            "integrity": "sha512-gptHNQghINnc/vTGIk0SOFGFNXw7JVrlRUtConJRlvaw6DuX0wO5Jeko9sWrMBhh+PsYAZ7oXAiOnf/UKogyiw==",
            "dev": true,
            "license": "MIT",
            "engines": {
                "node": ">= 10.0.0"
            }
        },
        "node_modules/vscode-jsonrpc": {
            "version": "8.1.0",
            "resolved": "https://registry.npmjs.org/vscode-jsonrpc/-/vscode-jsonrpc-8.1.0.tgz",
            "integrity": "sha512-6TDy/abTQk+zDGYazgbIPc+4JoXdwC8NHU9Pbn4UJP1fehUyZmM4RHp5IthX7A6L5KS30PRui+j+tbbMMMafdw==",
            "license": "MIT",
            "engines": {
                "node": ">=14.0.0"
            }
        },
        "node_modules/vscode-languageserver": {
            "version": "8.1.0",
            "resolved": "https://registry.npmjs.org/vscode-languageserver/-/vscode-languageserver-8.1.0.tgz",
            "integrity": "sha512-eUt8f1z2N2IEUDBsKaNapkz7jl5QpskN2Y0G01T/ItMxBxw1fJwvtySGB9QMecatne8jFIWJGWI61dWjyTLQsw==",
            "license": "MIT",
            "dependencies": {
                "vscode-languageserver-protocol": "3.17.3"
            },
            "bin": {
                "installServerIntoExtension": "bin/installServerIntoExtension"
            }
        },
        "node_modules/vscode-languageserver-protocol": {
            "version": "3.17.3",
            "resolved": "https://registry.npmjs.org/vscode-languageserver-protocol/-/vscode-languageserver-protocol-3.17.3.tgz",
            "integrity": "sha512-924/h0AqsMtA5yK22GgMtCYiMdCOtWTSGgUOkgEDX+wk2b0x4sAfLiO4NxBxqbiVtz7K7/1/RgVrVI0NClZwqA==",
            "license": "MIT",
            "dependencies": {
                "vscode-jsonrpc": "8.1.0",
                "vscode-languageserver-types": "3.17.3"
            }
        },
        "node_modules/vscode-languageserver-textdocument": {
            "version": "1.0.12",
            "resolved": "https://registry.npmjs.org/vscode-languageserver-textdocument/-/vscode-languageserver-textdocument-1.0.12.tgz",
            "integrity": "sha512-cxWNPesCnQCcMPeenjKKsOCKQZ/L6Tv19DTRIGuLWe32lyzWhihGVJ/rcckZXJxfdKCFvRLS3fpBIsV/ZGX4zA==",
            "license": "MIT"
        },
        "node_modules/vscode-languageserver-types": {
            "version": "3.17.3",
            "resolved": "https://registry.npmjs.org/vscode-languageserver-types/-/vscode-languageserver-types-3.17.3.tgz",
            "integrity": "sha512-SYU4z1dL0PyIMd4Vj8YOqFvHu7Hz/enbWtpfnVbJHU4Nd1YNYx8u0ennumc6h48GQNeOLxmwySmnADouT/AuZA==",
            "license": "MIT"
        },
        "node_modules/vscode-uri": {
            "version": "3.1.0",
            "resolved": "https://registry.npmjs.org/vscode-uri/-/vscode-uri-3.1.0.tgz",
            "integrity": "sha512-/BpdSx+yCQGnCvecbyXdxHDkuk55/G3xwnC0GqY4gmQ3j+A+g8kzzgB4Nk/SINjqn6+waqw3EgbVF2QKExkRxQ==",
            "license": "MIT"
        }
    }
}
